
Microsoft Visual Studio Solution File, Format Version 12.00
# Visual Studio Version 16
VisualStudioVersion = 16.0.29006.145
MinimumVisualStudioVersion = 10.0.40219.1
Project("{FAE04EC0-301F-11D3-BF4B-00C04F79EFBC}") = "BaseballPredictionBlazor", "BaseballPredictionBlazor\BaseballPredictionBlazor.csproj", "{E8BFD005-4952-41AA-A039-9225712A6AF9}"
EndProject
Project("{FAE04EC0-301F-11D3-BF4B-00C04F79EFBC}") = "BaseballPredictionBlazor.Shared", "BaseballPredictionBlazor.Shared\BaseballPredictionBlazor.Shared.csproj", "{A814FDB2-96AE-47A8-B604-0BB7B61A0FFC}"
EndProject
Project("{FAE04EC0-301F-11D3-BF4B-00C04F79EFBC}") = "BaseballPredictionBlazor.Service", "BaseballPredictionBlazor.Service\BaseballPredictionBlazor.Service.csproj", "{A14F50AF-299D-47A9-B390-87A2C70A345F}"
EndProject
Global
	GlobalSection(SolutionConfigurationPlatforms) = preSolution
		Debug|Any CPU = Debug|Any CPU
		Release|Any CPU = Release|Any CPU
	EndGlobalSection
	GlobalSection(ProjectConfigurationPlatforms) = postSolution
		{E8BFD005-4952-41AA-A039-9225712A6AF9}.Debug|Any CPU.ActiveCfg = Debug|Any CPU
		{E8BFD005-4952-41AA-A039-9225712A6AF9}.Debug|Any CPU.Build.0 = Debug|Any CPU
		{E8BFD005-4952-41AA-A039-9225712A6AF9}.Release|Any CPU.ActiveCfg = Release|Any CPU
		{E8BFD005-4952-41AA-A039-9225712A6AF9}.Release|Any CPU.Build.0 = Release|Any CPU
		{A814FDB2-96AE-47A8-B604-0BB7B61A0FFC}.Debug|Any CPU.ActiveCfg = Debug|Any CPU
		{A814FDB2-96AE-47A8-B604-0BB7B61A0FFC}.Debug|Any CPU.Build.0 = Debug|Any CPU
		{A814FDB2-96AE-47A8-B604-0BB7B61A0FFC}.Release|Any CPU.ActiveCfg = Release|Any CPU
		{A814FDB2-96AE-47A8-B604-0BB7B61A0FFC}.Release|Any CPU.Build.0 = Release|Any CPU
		{A14F50AF-299D-47A9-B390-87A2C70A345F}.Debug|Any CPU.ActiveCfg = Debug|Any CPU
		{A14F50AF-299D-47A9-B390-87A2C70A345F}.Debug|Any CPU.Build.0 = Debug|Any CPU
		{A14F50AF-299D-47A9-B390-87A2C70A345F}.Release|Any CPU.ActiveCfg = Release|Any CPU
		{A14F50AF-299D-47A9-B390-87A2C70A345F}.Release|Any CPU.Build.0 = Release|Any CPU
	EndGlobalSection
	GlobalSection(SolutionProperties) = preSolution
		HideSolutionNode = FALSE
	EndGlobalSection
	GlobalSection(ExtensibilityGlobals) = postSolution
		SolutionGuid = {2E1C41AA-BAE2-40E3-ABEE-33D0E88FA859}
	EndGlobalSection
EndGlobal
