Microsoft Visual Studio Solution File, Format Version 12.00
# Visual Studio Version 17
VisualStudioVersion = 17.13.35507.96 d17.13
MinimumVisualStudioVersion = 10.0.40219.1
Project("{FAE04EC0-301F-11D3-BF4B-00C04F79EFBC}") = "BaseballMachineLearningWorkbench.AppHost", "BaseballMachineLearningWorkbench.AppHost\BaseballMachineLearningWorkbench.AppHost.csproj", "{FF7CF138-1E6E-42C8-805E-6460B8C0D9AD}"
EndProject
Project("{FAE04EC0-301F-11D3-BF4B-00C04F79EFBC}") = "BaseballMachineLearningWorkbench.ServiceDefaults", "BaseballMachineLearningWorkbench.ServiceDefaults\BaseballMachineLearningWorkbench.ServiceDefaults.csproj", "{A5E13786-C0F5-9F8E-FCE8-AE435426BFBB}"
EndProject
Project("{FAE04EC0-301F-11D3-BF4B-00C04F79EFBC}") = "BaseballMachineLearningWorkbench.ApiService", "BaseballMachineLearningWorkbench.ApiService\BaseballMachineLearningWorkbench.ApiService.csproj", "{59E97913-35BE-D5D9-49FA-A3685679240D}"
EndProject
Project("{FAE04EC0-301F-11D3-BF4B-00C04F79EFBC}") = "BaseballMachineLearningWorkbench.Web", "BaseballMachineLearningWorkbench.Web\BaseballMachineLearningWorkbench.Web.csproj", "{75570685-A640-A7D2-4449-BA7DA64C7961}"
EndProject
Global
	GlobalSection(SolutionConfigurationPlatforms) = preSolution
		Debug|Any CPU = Debug|Any CPU
		Release|Any CPU = Release|Any CPU
	EndGlobalSection
	GlobalSection(ProjectConfigurationPlatforms) = postSolution
		{FF7CF138-1E6E-42C8-805E-6460B8C0D9AD}.Debug|Any CPU.ActiveCfg = Debug|Any CPU
		{FF7CF138-1E6E-42C8-805E-6460B8C0D9AD}.Debug|Any CPU.Build.0 = Debug|Any CPU
		{FF7CF138-1E6E-42C8-805E-6460B8C0D9AD}.Release|Any CPU.ActiveCfg = Release|Any CPU
		{FF7CF138-1E6E-42C8-805E-6460B8C0D9AD}.Release|Any CPU.Build.0 = Release|Any CPU
		{A5E13786-C0F5-9F8E-FCE8-AE435426BFBB}.Debug|Any CPU.ActiveCfg = Debug|Any CPU
		{A5E13786-C0F5-9F8E-FCE8-AE435426BFBB}.Debug|Any CPU.Build.0 = Debug|Any CPU
		{A5E13786-C0F5-9F8E-FCE8-AE435426BFBB}.Release|Any CPU.ActiveCfg = Release|Any CPU
		{A5E13786-C0F5-9F8E-FCE8-AE435426BFBB}.Release|Any CPU.Build.0 = Release|Any CPU
		{59E97913-35BE-D5D9-49FA-A3685679240D}.Debug|Any CPU.ActiveCfg = Debug|Any CPU
		{59E97913-35BE-D5D9-49FA-A3685679240D}.Debug|Any CPU.Build.0 = Debug|Any CPU
		{59E97913-35BE-D5D9-49FA-A3685679240D}.Release|Any CPU.ActiveCfg = Release|Any CPU
		{59E97913-35BE-D5D9-49FA-A3685679240D}.Release|Any CPU.Build.0 = Release|Any CPU
		{75570685-A640-A7D2-4449-BA7DA64C7961}.Debug|Any CPU.ActiveCfg = Debug|Any CPU
		{75570685-A640-A7D2-4449-BA7DA64C7961}.Debug|Any CPU.Build.0 = Debug|Any CPU
		{75570685-A640-A7D2-4449-BA7DA64C7961}.Release|Any CPU.ActiveCfg = Release|Any CPU
		{75570685-A640-A7D2-4449-BA7DA64C7961}.Release|Any CPU.Build.0 = Release|Any CPU
	EndGlobalSection
	GlobalSection(SolutionProperties) = preSolution
		HideSolutionNode = FALSE
	EndGlobalSection
	GlobalSection(ExtensibilityGlobals) = postSolution
		SolutionGuid = {755910AD-B266-4E4B-964C-E98D80D6991D}
	EndGlobalSection
EndGlobal
